
Microsoft Visual Studio Solution File, Format Version 12.00
# Visual Studio Version 17
VisualStudioVersion = 17.6.33829.357
MinimumVisualStudioVersion = 10.0.40219.1
Project("{FAE04EC0-301F-11D3-BF4B-00C04F79EFBC}") = "ConsoleAppFigure", "ConsoleAppFigure.csproj", "{57AEA6AC-8614-419C-8CEF-0F454F48AFC1}"
EndProject
Global
	GlobalSection(SolutionConfigurationPlatforms) = preSolution
		Debug|Any CPU = Debug|Any CPU
		Release|Any CPU = Release|Any CPU
	EndGlobalSection
	GlobalSection(ProjectConfigurationPlatforms) = postSolution
		{57AEA6AC-8614-419C-8CEF-0F454F48AFC1}.Debug|Any CPU.ActiveCfg = Debug|Any CPU
		{57AEA6AC-8614-419C-8CEF-0F454F48AFC1}.Debug|Any CPU.Build.0 = Debug|Any CPU
		{57AEA6AC-8614-419C-8CEF-0F454F48AFC1}.Release|Any CPU.ActiveCfg = Release|Any CPU
		{57AEA6AC-8614-419C-8CEF-0F454F48AFC1}.Release|Any CPU.Build.0 = Release|Any CPU
	EndGlobalSection
	GlobalSection(SolutionProperties) = preSolution
		HideSolutionNode = FALSE
	EndGlobalSection
	GlobalSection(ExtensibilityGlobals) = postSolution
		SolutionGuid = {39363061-2495-48CD-8D2B-3C9D6F077D8F}
	EndGlobalSection
EndGlobal
